
Microsoft Visual Studio Solution File, Format Version 12.00
# Visual Studio Version 17
VisualStudioVersion = 17.8.34525.116
MinimumVisualStudioVersion = 10.0.40219.1
Project("{FAE04EC0-301F-11D3-BF4B-00C04F79EFBC}") = "ListaTracker", "ListaTracker.csproj", "{36667209-E437-45B2-A184-B61C6532292C}"
EndProject
Global
	GlobalSection(SolutionConfigurationPlatforms) = preSolution
		Debug|Any CPU = Debug|Any CPU
		Release|Any CPU = Release|Any CPU
	EndGlobalSection
	GlobalSection(ProjectConfigurationPlatforms) = postSolution
		{36667209-E437-45B2-A184-B61C6532292C}.Debug|Any CPU.ActiveCfg = Debug|Any CPU
		{36667209-E437-45B2-A184-B61C6532292C}.Debug|Any CPU.Build.0 = Debug|Any CPU
		{36667209-E437-45B2-A184-B61C6532292C}.Release|Any CPU.ActiveCfg = Release|Any CPU
		{36667209-E437-45B2-A184-B61C6532292C}.Release|Any CPU.Build.0 = Release|Any CPU
	EndGlobalSection
	GlobalSection(SolutionProperties) = preSolution
		HideSolutionNode = FALSE
	EndGlobalSection
	GlobalSection(ExtensibilityGlobals) = postSolution
		SolutionGuid = {D59DC813-3171-49E5-9641-965B7D7C0432}
	EndGlobalSection
EndGlobal
